
Microsoft Visual Studio Solution File, Format Version 12.00
# Visual Studio Version 17
VisualStudioVersion = 17.0.31903.59
MinimumVisualStudioVersion = 10.0.40219.1
Project("{FAE04EC0-301F-11D3-BF4B-00C04F79EFBC}") = "Brahmaputra", "Brahmaputra\Brahmaputra.csproj", "{69C4022E-9BAB-4A9E-AF95-7B4FAFD80EA6}"
EndProject
Project("{FAE04EC0-301F-11D3-BF4B-00C04F79EFBC}") = "Brahmaputra.ManualTest", "Brahmaputra.ManualTest\Brahmaputra.ManualTest.csproj", "{CA61EE72-6E9C-493F-AD8A-6CA1CEE1B6F8}"
EndProject
Global
	GlobalSection(SolutionConfigurationPlatforms) = preSolution
		Debug|Any CPU = Debug|Any CPU
		Release|Any CPU = Release|Any CPU
	EndGlobalSection
	GlobalSection(SolutionProperties) = preSolution
		HideSolutionNode = FALSE
	EndGlobalSection
	GlobalSection(ProjectConfigurationPlatforms) = postSolution
		{69C4022E-9BAB-4A9E-AF95-7B4FAFD80EA6}.Debug|Any CPU.ActiveCfg = Debug|Any CPU
		{69C4022E-9BAB-4A9E-AF95-7B4FAFD80EA6}.Debug|Any CPU.Build.0 = Debug|Any CPU
		{69C4022E-9BAB-4A9E-AF95-7B4FAFD80EA6}.Release|Any CPU.ActiveCfg = Release|Any CPU
		{69C4022E-9BAB-4A9E-AF95-7B4FAFD80EA6}.Release|Any CPU.Build.0 = Release|Any CPU
		{CA61EE72-6E9C-493F-AD8A-6CA1CEE1B6F8}.Debug|Any CPU.ActiveCfg = Debug|Any CPU
		{CA61EE72-6E9C-493F-AD8A-6CA1CEE1B6F8}.Debug|Any CPU.Build.0 = Debug|Any CPU
		{CA61EE72-6E9C-493F-AD8A-6CA1CEE1B6F8}.Release|Any CPU.ActiveCfg = Release|Any CPU
		{CA61EE72-6E9C-493F-AD8A-6CA1CEE1B6F8}.Release|Any CPU.Build.0 = Release|Any CPU
	EndGlobalSection
EndGlobal
